
Microsoft Visual Studio Solution File, Format Version 12.00
# Visual Studio Version 16
VisualStudioVersion = 16.0.31129.286
MinimumVisualStudioVersion = 10.0.40219.1
Project("{9A19103F-16F7-4668-BE54-9A1E7A4F7556}") = "U-Mod.WPF", "U-Mod\U-Mod.WPF.csproj", "{1323BBD1-4B01-4C45-9A32-EB0BD766E08A}"
EndProject
Project("{9A19103F-16F7-4668-BE54-9A1E7A4F7556}") = "U-Mod.Shared", "U-Mod.Shared\U-Mod.Shared.csproj", "{9DCABA3D-FFEC-4F4F-BE3F-75BD31D0B2B5}"
EndProject
Project("{9A19103F-16F7-4668-BE54-9A1E7A4F7556}") = "U-Mod.Web.Server", "U-Mod.Web\Server\U-Mod.Web.Server.csproj", "{27AF2213-21CF-4BA2-99E1-71EC02A03BD7}"
EndProject
Project("{9A19103F-16F7-4668-BE54-9A1E7A4F7556}") = "U-Mod.Web.Client", "U-Mod.Web\Client\U-Mod.Web.Client.csproj", "{43265025-9E63-4AB9-B4A8-0F6849BB58C3}"
EndProject
Project("{9A19103F-16F7-4668-BE54-9A1E7A4F7556}") = "DevTool", "DevTool\DevTool.csproj", "{201D567E-8E93-49F0-BF81-B361BBE52B76}"
EndProject
Global
	GlobalSection(SolutionConfigurationPlatforms) = preSolution
		BETA|Any CPU = BETA|Any CPU
		Debug|Any CPU = Debug|Any CPU
		DEV|Any CPU = DEV|Any CPU
		Release|Any CPU = Release|Any CPU
	EndGlobalSection
	GlobalSection(ProjectConfigurationPlatforms) = postSolution
		{1323BBD1-4B01-4C45-9A32-EB0BD766E08A}.BETA|Any CPU.ActiveCfg = Debug|Any CPU
		{1323BBD1-4B01-4C45-9A32-EB0BD766E08A}.BETA|Any CPU.Build.0 = Debug|Any CPU
		{1323BBD1-4B01-4C45-9A32-EB0BD766E08A}.Debug|Any CPU.ActiveCfg = Debug|Any CPU
		{1323BBD1-4B01-4C45-9A32-EB0BD766E08A}.Debug|Any CPU.Build.0 = Debug|Any CPU
		{1323BBD1-4B01-4C45-9A32-EB0BD766E08A}.DEV|Any CPU.ActiveCfg = DEV|Any CPU
		{1323BBD1-4B01-4C45-9A32-EB0BD766E08A}.DEV|Any CPU.Build.0 = DEV|Any CPU
		{1323BBD1-4B01-4C45-9A32-EB0BD766E08A}.Release|Any CPU.ActiveCfg = Release|Any CPU
		{1323BBD1-4B01-4C45-9A32-EB0BD766E08A}.Release|Any CPU.Build.0 = Release|Any CPU
		{9DCABA3D-FFEC-4F4F-BE3F-75BD31D0B2B5}.BETA|Any CPU.ActiveCfg = Debug|Any CPU
		{9DCABA3D-FFEC-4F4F-BE3F-75BD31D0B2B5}.BETA|Any CPU.Build.0 = Debug|Any CPU
		{9DCABA3D-FFEC-4F4F-BE3F-75BD31D0B2B5}.Debug|Any CPU.ActiveCfg = Debug|Any CPU
		{9DCABA3D-FFEC-4F4F-BE3F-75BD31D0B2B5}.Debug|Any CPU.Build.0 = Debug|Any CPU
		{9DCABA3D-FFEC-4F4F-BE3F-75BD31D0B2B5}.DEV|Any CPU.ActiveCfg = Debug|Any CPU
		{9DCABA3D-FFEC-4F4F-BE3F-75BD31D0B2B5}.DEV|Any CPU.Build.0 = Debug|Any CPU
		{9DCABA3D-FFEC-4F4F-BE3F-75BD31D0B2B5}.Release|Any CPU.ActiveCfg = Release|Any CPU
		{9DCABA3D-FFEC-4F4F-BE3F-75BD31D0B2B5}.Release|Any CPU.Build.0 = Release|Any CPU
		{27AF2213-21CF-4BA2-99E1-71EC02A03BD7}.BETA|Any CPU.ActiveCfg = Debug|Any CPU
		{27AF2213-21CF-4BA2-99E1-71EC02A03BD7}.BETA|Any CPU.Build.0 = Debug|Any CPU
		{27AF2213-21CF-4BA2-99E1-71EC02A03BD7}.Debug|Any CPU.ActiveCfg = Debug|Any CPU
		{27AF2213-21CF-4BA2-99E1-71EC02A03BD7}.Debug|Any CPU.Build.0 = Debug|Any CPU
		{27AF2213-21CF-4BA2-99E1-71EC02A03BD7}.DEV|Any CPU.ActiveCfg = Debug|Any CPU
		{27AF2213-21CF-4BA2-99E1-71EC02A03BD7}.DEV|Any CPU.Build.0 = Debug|Any CPU
		{27AF2213-21CF-4BA2-99E1-71EC02A03BD7}.Release|Any CPU.ActiveCfg = Release|Any CPU
		{27AF2213-21CF-4BA2-99E1-71EC02A03BD7}.Release|Any CPU.Build.0 = Release|Any CPU
		{43265025-9E63-4AB9-B4A8-0F6849BB58C3}.BETA|Any CPU.ActiveCfg = Debug|Any CPU
		{43265025-9E63-4AB9-B4A8-0F6849BB58C3}.BETA|Any CPU.Build.0 = Debug|Any CPU
		{43265025-9E63-4AB9-B4A8-0F6849BB58C3}.Debug|Any CPU.ActiveCfg = Debug|Any CPU
		{43265025-9E63-4AB9-B4A8-0F6849BB58C3}.Debug|Any CPU.Build.0 = Debug|Any CPU
		{43265025-9E63-4AB9-B4A8-0F6849BB58C3}.DEV|Any CPU.ActiveCfg = Debug|Any CPU
		{43265025-9E63-4AB9-B4A8-0F6849BB58C3}.DEV|Any CPU.Build.0 = Debug|Any CPU
		{43265025-9E63-4AB9-B4A8-0F6849BB58C3}.Release|Any CPU.ActiveCfg = Release|Any CPU
		{43265025-9E63-4AB9-B4A8-0F6849BB58C3}.Release|Any CPU.Build.0 = Release|Any CPU
		{201D567E-8E93-49F0-BF81-B361BBE52B76}.BETA|Any CPU.ActiveCfg = BETA|Any CPU
		{201D567E-8E93-49F0-BF81-B361BBE52B76}.BETA|Any CPU.Build.0 = BETA|Any CPU
		{201D567E-8E93-49F0-BF81-B361BBE52B76}.Debug|Any CPU.ActiveCfg = Debug|Any CPU
		{201D567E-8E93-49F0-BF81-B361BBE52B76}.Debug|Any CPU.Build.0 = Debug|Any CPU
		{201D567E-8E93-49F0-BF81-B361BBE52B76}.DEV|Any CPU.ActiveCfg = DEV|Any CPU
		{201D567E-8E93-49F0-BF81-B361BBE52B76}.DEV|Any CPU.Build.0 = DEV|Any CPU
		{201D567E-8E93-49F0-BF81-B361BBE52B76}.Release|Any CPU.ActiveCfg = Release|Any CPU
		{201D567E-8E93-49F0-BF81-B361BBE52B76}.Release|Any CPU.Build.0 = Release|Any CPU
	EndGlobalSection
	GlobalSection(SolutionProperties) = preSolution
		HideSolutionNode = FALSE
	EndGlobalSection
	GlobalSection(ExtensibilityGlobals) = postSolution
		SolutionGuid = {0C34A1EC-637A-4A28-855E-45214453FAB1}
	EndGlobalSection
EndGlobal
